
Microsoft Visual Studio Solution File, Format Version 12.00
# Visual Studio Version 16
VisualStudioVersion = 16.0.28803.452
MinimumVisualStudioVersion = 10.0.40219.1
Project("{FAE04EC0-301F-11D3-BF4B-00C04F79EFBC}") = "21_05_2019", "21_05_2019\21_05_2019.csproj", "{F72669A4-ABA8-41D5-B06A-8C2ECDA27363}"
EndProject
Global
	GlobalSection(SolutionConfigurationPlatforms) = preSolution
		Debug|Any CPU = Debug|Any CPU
		Release|Any CPU = Release|Any CPU
	EndGlobalSection
	GlobalSection(ProjectConfigurationPlatforms) = postSolution
		{F72669A4-ABA8-41D5-B06A-8C2ECDA27363}.Debug|Any CPU.ActiveCfg = Debug|Any CPU
		{F72669A4-ABA8-41D5-B06A-8C2ECDA27363}.Debug|Any CPU.Build.0 = Debug|Any CPU
		{F72669A4-ABA8-41D5-B06A-8C2ECDA27363}.Release|Any CPU.ActiveCfg = Release|Any CPU
		{F72669A4-ABA8-41D5-B06A-8C2ECDA27363}.Release|Any CPU.Build.0 = Release|Any CPU
	EndGlobalSection
	GlobalSection(SolutionProperties) = preSolution
		HideSolutionNode = FALSE
	EndGlobalSection
	GlobalSection(ExtensibilityGlobals) = postSolution
		SolutionGuid = {EA23A269-1B72-43CC-983B-21B3EEC9A2DE}
	EndGlobalSection
EndGlobal
